
Microsoft Visual Studio Solution File, Format Version 12.00
# Visual Studio Version 17
VisualStudioVersion = 17.13.35825.156
MinimumVisualStudioVersion = 10.0.40219.1
Project("{FAE04EC0-301F-11D3-BF4B-00C04F79EFBC}") = "CarFactoryArchitect", "CarFactoryArchitect\CarFactoryArchitect.csproj", "{31BE7CFC-389C-4EE3-8F50-0334E84AE910}"
EndProject
Project("{FAE04EC0-301F-11D3-BF4B-00C04F79EFBC}") = "MonoGameLibrary", "MonoGameLibrary\MonoGameLibrary.csproj", "{E3C12215-7C80-448C-9CA6-D6BA6F3A9C39}"
EndProject
Project("{2150E333-8FDC-42A3-9474-1A3956D46DE8}") = "Solution Items", "Solution Items", "{8EC462FD-D22E-90A8-E5CE-7E832BA40C5D}"
	ProjectSection(SolutionItems) = preProject
		ToDo.txt = ToDo.txt
	EndProjectSection
EndProject
Global
	GlobalSection(SolutionConfigurationPlatforms) = preSolution
		Debug|Any CPU = Debug|Any CPU
		Release|Any CPU = Release|Any CPU
	EndGlobalSection
	GlobalSection(ProjectConfigurationPlatforms) = postSolution
		{31BE7CFC-389C-4EE3-8F50-0334E84AE910}.Debug|Any CPU.ActiveCfg = Debug|Any CPU
		{31BE7CFC-389C-4EE3-8F50-0334E84AE910}.Debug|Any CPU.Build.0 = Debug|Any CPU
		{31BE7CFC-389C-4EE3-8F50-0334E84AE910}.Release|Any CPU.ActiveCfg = Release|Any CPU
		{31BE7CFC-389C-4EE3-8F50-0334E84AE910}.Release|Any CPU.Build.0 = Release|Any CPU
		{E3C12215-7C80-448C-9CA6-D6BA6F3A9C39}.Debug|Any CPU.ActiveCfg = Debug|Any CPU
		{E3C12215-7C80-448C-9CA6-D6BA6F3A9C39}.Debug|Any CPU.Build.0 = Debug|Any CPU
		{E3C12215-7C80-448C-9CA6-D6BA6F3A9C39}.Release|Any CPU.ActiveCfg = Release|Any CPU
		{E3C12215-7C80-448C-9CA6-D6BA6F3A9C39}.Release|Any CPU.Build.0 = Release|Any CPU
	EndGlobalSection
	GlobalSection(SolutionProperties) = preSolution
		HideSolutionNode = FALSE
	EndGlobalSection
	GlobalSection(ExtensibilityGlobals) = postSolution
		SolutionGuid = {D8653DEE-F2DE-416E-A60F-7201B446FDCD}
	EndGlobalSection
EndGlobal
